
Microsoft Visual Studio Solution File, Format Version 12.00
# Visual Studio Version 16
VisualStudioVersion = 16.0.29215.179
MinimumVisualStudioVersion = 10.0.40219.1
Project("{FAE04EC0-301F-11D3-BF4B-00C04F79EFBC}") = "GCDeliverableTwoJH", "GCDeliverableTwoJH\GCDeliverableTwoJH.csproj", "{14B11E06-7DD8-4E75-BDB1-242DC79798F2}"
EndProject
Global
	GlobalSection(SolutionConfigurationPlatforms) = preSolution
		Debug|Any CPU = Debug|Any CPU
		Release|Any CPU = Release|Any CPU
	EndGlobalSection
	GlobalSection(ProjectConfigurationPlatforms) = postSolution
		{14B11E06-7DD8-4E75-BDB1-242DC79798F2}.Debug|Any CPU.ActiveCfg = Debug|Any CPU
		{14B11E06-7DD8-4E75-BDB1-242DC79798F2}.Debug|Any CPU.Build.0 = Debug|Any CPU
		{14B11E06-7DD8-4E75-BDB1-242DC79798F2}.Release|Any CPU.ActiveCfg = Release|Any CPU
		{14B11E06-7DD8-4E75-BDB1-242DC79798F2}.Release|Any CPU.Build.0 = Release|Any CPU
	EndGlobalSection
	GlobalSection(SolutionProperties) = preSolution
		HideSolutionNode = FALSE
	EndGlobalSection
	GlobalSection(ExtensibilityGlobals) = postSolution
		SolutionGuid = {466682F8-9862-43FB-B4D5-B05AFC39B3D9}
	EndGlobalSection
EndGlobal
